
Microsoft Visual Studio Solution File, Format Version 12.00
# Visual Studio Version 16
VisualStudioVersion = 16.0.30907.101
MinimumVisualStudioVersion = 10.0.40219.1
Project("{2150E333-8FDC-42A3-9474-1A3956D46DE8}") = "Basic", "Basic", "{D68CE5F3-313E-43A4-AD40-C0AC7793E1A7}"
EndProject
Project("{2150E333-8FDC-42A3-9474-1A3956D46DE8}") = "DesignPattern", "DesignPattern", "{D93CB528-ABD8-49C5-B7F5-1BBCB5B91B9A}"
EndProject
Project("{9A19103F-16F7-4668-BE54-9A1E7A4F7556}") = "DesignPattern.Proxy", "DesignPattern.Proxy\DesignPattern.Proxy.csproj", "{E7ACA978-7F40-45D4-9CED-1C0399357CDD}"
EndProject
Project("{9A19103F-16F7-4668-BE54-9A1E7A4F7556}") = "DesignPattern.Strategy", "DesignPattern.Strategy\DesignPattern.Strategy.csproj", "{B1A97FD7-9BF7-4594-9974-5250CBCC6924}"
EndProject
Project("{9A19103F-16F7-4668-BE54-9A1E7A4F7556}") = "AbstractClass", "AbstractClass\AbstractClass.csproj", "{861DEE71-2104-4E88-A782-060EBD44DFDE}"
EndProject
Project("{9A19103F-16F7-4668-BE54-9A1E7A4F7556}") = "DesignPattern.Singleton", "DesignPattern.Singleton\DesignPattern.Singleton.csproj", "{07336072-DF68-492E-9336-4E71618072CE}"
EndProject
Project("{9A19103F-16F7-4668-BE54-9A1E7A4F7556}") = "DesignPattern.Decorator", "DesignPattern.Decorator\DesignPattern.Decorator.csproj", "{ED8D1991-C022-4D3B-9425-5305951F5865}"
EndProject
Project("{9A19103F-16F7-4668-BE54-9A1E7A4F7556}") = "Basic.SRP", "Basic.SRP\Basic.SRP.csproj", "{6BA5339A-162C-4B63-B302-8E8FEE9022B7}"
EndProject
Project("{9A19103F-16F7-4668-BE54-9A1E7A4F7556}") = "Basic.OCP", "Basic.OCP\Basic.OCP.csproj", "{38B53CB0-643E-4520-BB2A-2B74341264FA}"
EndProject
Project("{9A19103F-16F7-4668-BE54-9A1E7A4F7556}") = "Basic.LSP", "Basic.LSP\Basic.LSP.csproj", "{FC86904A-4D84-4E8D-8098-200D719D57AB}"
EndProject
Project("{9A19103F-16F7-4668-BE54-9A1E7A4F7556}") = "Basic.ISP", "Basic.ISP\Basic.ISP.csproj", "{88B5A84C-A75A-4672-83B0-2635321C4411}"
EndProject
Project("{9A19103F-16F7-4668-BE54-9A1E7A4F7556}") = "Basic.DIP", "Basic.DIP\Basic.DIP.csproj", "{1344393B-E9AC-488E-AF1B-CDA620357EA3}"
EndProject
Project("{2150E333-8FDC-42A3-9474-1A3956D46DE8}") = "SOLID", "SOLID", "{763615FC-0D13-4A80-B805-3CB93E67E26A}"
EndProject
Project("{9A19103F-16F7-4668-BE54-9A1E7A4F7556}") = "PerformanceCounter", "PerformanceCounter\PerformanceCounter.csproj", "{F8F380BF-761D-42ED-8139-210E26420CB0}"
EndProject
Project("{FAE04EC0-301F-11D3-BF4B-00C04F79EFBC}") = "PerformanceCounterTest", "PerformanceCounterTest\PerformanceCounterTest.csproj", "{E98407E6-B456-4223-A3BA-94D0E81BAA2D}"
EndProject
Project("{FAE04EC0-301F-11D3-BF4B-00C04F79EFBC}") = "DesignPattern.Builder", "DesignPattern.Builder\DesignPattern.Builder.csproj", "{78214CE8-8D4F-4F4E-B8C0-7C7A63708AF0}"
EndProject
Global
	GlobalSection(SolutionConfigurationPlatforms) = preSolution
		Debug|Any CPU = Debug|Any CPU
		Release|Any CPU = Release|Any CPU
	EndGlobalSection
	GlobalSection(ProjectConfigurationPlatforms) = postSolution
		{E7ACA978-7F40-45D4-9CED-1C0399357CDD}.Debug|Any CPU.ActiveCfg = Debug|Any CPU
		{E7ACA978-7F40-45D4-9CED-1C0399357CDD}.Debug|Any CPU.Build.0 = Debug|Any CPU
		{E7ACA978-7F40-45D4-9CED-1C0399357CDD}.Release|Any CPU.ActiveCfg = Release|Any CPU
		{E7ACA978-7F40-45D4-9CED-1C0399357CDD}.Release|Any CPU.Build.0 = Release|Any CPU
		{B1A97FD7-9BF7-4594-9974-5250CBCC6924}.Debug|Any CPU.ActiveCfg = Debug|Any CPU
		{B1A97FD7-9BF7-4594-9974-5250CBCC6924}.Debug|Any CPU.Build.0 = Debug|Any CPU
		{B1A97FD7-9BF7-4594-9974-5250CBCC6924}.Release|Any CPU.ActiveCfg = Release|Any CPU
		{B1A97FD7-9BF7-4594-9974-5250CBCC6924}.Release|Any CPU.Build.0 = Release|Any CPU
		{861DEE71-2104-4E88-A782-060EBD44DFDE}.Debug|Any CPU.ActiveCfg = Debug|Any CPU
		{861DEE71-2104-4E88-A782-060EBD44DFDE}.Debug|Any CPU.Build.0 = Debug|Any CPU
		{861DEE71-2104-4E88-A782-060EBD44DFDE}.Release|Any CPU.ActiveCfg = Release|Any CPU
		{861DEE71-2104-4E88-A782-060EBD44DFDE}.Release|Any CPU.Build.0 = Release|Any CPU
		{07336072-DF68-492E-9336-4E71618072CE}.Debug|Any CPU.ActiveCfg = Debug|Any CPU
		{07336072-DF68-492E-9336-4E71618072CE}.Debug|Any CPU.Build.0 = Debug|Any CPU
		{07336072-DF68-492E-9336-4E71618072CE}.Release|Any CPU.ActiveCfg = Release|Any CPU
		{07336072-DF68-492E-9336-4E71618072CE}.Release|Any CPU.Build.0 = Release|Any CPU
		{ED8D1991-C022-4D3B-9425-5305951F5865}.Debug|Any CPU.ActiveCfg = Debug|Any CPU
		{ED8D1991-C022-4D3B-9425-5305951F5865}.Debug|Any CPU.Build.0 = Debug|Any CPU
		{ED8D1991-C022-4D3B-9425-5305951F5865}.Release|Any CPU.ActiveCfg = Release|Any CPU
		{ED8D1991-C022-4D3B-9425-5305951F5865}.Release|Any CPU.Build.0 = Release|Any CPU
		{6BA5339A-162C-4B63-B302-8E8FEE9022B7}.Debug|Any CPU.ActiveCfg = Debug|Any CPU
		{6BA5339A-162C-4B63-B302-8E8FEE9022B7}.Debug|Any CPU.Build.0 = Debug|Any CPU
		{6BA5339A-162C-4B63-B302-8E8FEE9022B7}.Release|Any CPU.ActiveCfg = Release|Any CPU
		{6BA5339A-162C-4B63-B302-8E8FEE9022B7}.Release|Any CPU.Build.0 = Release|Any CPU
		{38B53CB0-643E-4520-BB2A-2B74341264FA}.Debug|Any CPU.ActiveCfg = Debug|Any CPU
		{38B53CB0-643E-4520-BB2A-2B74341264FA}.Debug|Any CPU.Build.0 = Debug|Any CPU
		{38B53CB0-643E-4520-BB2A-2B74341264FA}.Release|Any CPU.ActiveCfg = Release|Any CPU
		{38B53CB0-643E-4520-BB2A-2B74341264FA}.Release|Any CPU.Build.0 = Release|Any CPU
		{FC86904A-4D84-4E8D-8098-200D719D57AB}.Debug|Any CPU.ActiveCfg = Debug|Any CPU
		{FC86904A-4D84-4E8D-8098-200D719D57AB}.Debug|Any CPU.Build.0 = Debug|Any CPU
		{FC86904A-4D84-4E8D-8098-200D719D57AB}.Release|Any CPU.ActiveCfg = Release|Any CPU
		{FC86904A-4D84-4E8D-8098-200D719D57AB}.Release|Any CPU.Build.0 = Release|Any CPU
		{88B5A84C-A75A-4672-83B0-2635321C4411}.Debug|Any CPU.ActiveCfg = Debug|Any CPU
		{88B5A84C-A75A-4672-83B0-2635321C4411}.Debug|Any CPU.Build.0 = Debug|Any CPU
		{88B5A84C-A75A-4672-83B0-2635321C4411}.Release|Any CPU.ActiveCfg = Release|Any CPU
		{88B5A84C-A75A-4672-83B0-2635321C4411}.Release|Any CPU.Build.0 = Release|Any CPU
		{1344393B-E9AC-488E-AF1B-CDA620357EA3}.Debug|Any CPU.ActiveCfg = Debug|Any CPU
		{1344393B-E9AC-488E-AF1B-CDA620357EA3}.Debug|Any CPU.Build.0 = Debug|Any CPU
		{1344393B-E9AC-488E-AF1B-CDA620357EA3}.Release|Any CPU.ActiveCfg = Release|Any CPU
		{1344393B-E9AC-488E-AF1B-CDA620357EA3}.Release|Any CPU.Build.0 = Release|Any CPU
		{F8F380BF-761D-42ED-8139-210E26420CB0}.Debug|Any CPU.ActiveCfg = Debug|Any CPU
		{F8F380BF-761D-42ED-8139-210E26420CB0}.Debug|Any CPU.Build.0 = Debug|Any CPU
		{F8F380BF-761D-42ED-8139-210E26420CB0}.Release|Any CPU.ActiveCfg = Release|Any CPU
		{F8F380BF-761D-42ED-8139-210E26420CB0}.Release|Any CPU.Build.0 = Release|Any CPU
		{E98407E6-B456-4223-A3BA-94D0E81BAA2D}.Debug|Any CPU.ActiveCfg = Debug|Any CPU
		{E98407E6-B456-4223-A3BA-94D0E81BAA2D}.Debug|Any CPU.Build.0 = Debug|Any CPU
		{E98407E6-B456-4223-A3BA-94D0E81BAA2D}.Release|Any CPU.ActiveCfg = Release|Any CPU
		{E98407E6-B456-4223-A3BA-94D0E81BAA2D}.Release|Any CPU.Build.0 = Release|Any CPU
		{78214CE8-8D4F-4F4E-B8C0-7C7A63708AF0}.Debug|Any CPU.ActiveCfg = Debug|Any CPU
		{78214CE8-8D4F-4F4E-B8C0-7C7A63708AF0}.Debug|Any CPU.Build.0 = Debug|Any CPU
		{78214CE8-8D4F-4F4E-B8C0-7C7A63708AF0}.Release|Any CPU.ActiveCfg = Release|Any CPU
		{78214CE8-8D4F-4F4E-B8C0-7C7A63708AF0}.Release|Any CPU.Build.0 = Release|Any CPU
	EndGlobalSection
	GlobalSection(SolutionProperties) = preSolution
		HideSolutionNode = FALSE
	EndGlobalSection
	GlobalSection(NestedProjects) = preSolution
		{E7ACA978-7F40-45D4-9CED-1C0399357CDD} = {D93CB528-ABD8-49C5-B7F5-1BBCB5B91B9A}
		{B1A97FD7-9BF7-4594-9974-5250CBCC6924} = {D93CB528-ABD8-49C5-B7F5-1BBCB5B91B9A}
		{861DEE71-2104-4E88-A782-060EBD44DFDE} = {D68CE5F3-313E-43A4-AD40-C0AC7793E1A7}
		{07336072-DF68-492E-9336-4E71618072CE} = {D93CB528-ABD8-49C5-B7F5-1BBCB5B91B9A}
		{ED8D1991-C022-4D3B-9425-5305951F5865} = {D93CB528-ABD8-49C5-B7F5-1BBCB5B91B9A}
		{6BA5339A-162C-4B63-B302-8E8FEE9022B7} = {763615FC-0D13-4A80-B805-3CB93E67E26A}
		{38B53CB0-643E-4520-BB2A-2B74341264FA} = {763615FC-0D13-4A80-B805-3CB93E67E26A}
		{FC86904A-4D84-4E8D-8098-200D719D57AB} = {763615FC-0D13-4A80-B805-3CB93E67E26A}
		{88B5A84C-A75A-4672-83B0-2635321C4411} = {763615FC-0D13-4A80-B805-3CB93E67E26A}
		{1344393B-E9AC-488E-AF1B-CDA620357EA3} = {763615FC-0D13-4A80-B805-3CB93E67E26A}
		{763615FC-0D13-4A80-B805-3CB93E67E26A} = {D68CE5F3-313E-43A4-AD40-C0AC7793E1A7}
		{F8F380BF-761D-42ED-8139-210E26420CB0} = {D68CE5F3-313E-43A4-AD40-C0AC7793E1A7}
		{E98407E6-B456-4223-A3BA-94D0E81BAA2D} = {D68CE5F3-313E-43A4-AD40-C0AC7793E1A7}
		{78214CE8-8D4F-4F4E-B8C0-7C7A63708AF0} = {D93CB528-ABD8-49C5-B7F5-1BBCB5B91B9A}
	EndGlobalSection
	GlobalSection(ExtensibilityGlobals) = postSolution
		SolutionGuid = {93288348-90EB-442A-B4FD-95C77B2ACDA5}
	EndGlobalSection
EndGlobal
